
Microsoft Visual Studio Solution File, Format Version 11.00
# Visual Studio 2010
Project("{888888A0-9F3D-457C-B088-3A5042F75D52}") = "Waveform", "Waveform.pyproj", "{4E508DA9-C769-4D97-BD5E-38F4D937B831}"
EndProject
Project("{888888A0-9F3D-457C-B088-3A5042F75D52}") = "Common", "..\Common\Common.pyproj", "{CA315225-2970-40AA-8952-4A557FE42087}"
EndProject
Project("{888888A0-9F3D-457C-B088-3A5042F75D52}") = "tools", "..\tools\tools.pyproj", "{8D4B7130-1F0C-4D01-9149-CF3CB3A20B85}"
EndProject
Global
	GlobalSection(SolutionConfigurationPlatforms) = preSolution
		Debug|Any CPU = Debug|Any CPU
		Release|Any CPU = Release|Any CPU
	EndGlobalSection
	GlobalSection(ProjectConfigurationPlatforms) = postSolution
		{4E508DA9-C769-4D97-BD5E-38F4D937B831}.Debug|Any CPU.ActiveCfg = Debug|Any CPU
		{4E508DA9-C769-4D97-BD5E-38F4D937B831}.Debug|Any CPU.Build.0 = Debug|Any CPU
		{4E508DA9-C769-4D97-BD5E-38F4D937B831}.Release|Any CPU.ActiveCfg = Release|Any CPU
		{4E508DA9-C769-4D97-BD5E-38F4D937B831}.Release|Any CPU.Build.0 = Release|Any CPU
		{CA315225-2970-40AA-8952-4A557FE42087}.Debug|Any CPU.ActiveCfg = Debug|Any CPU
		{CA315225-2970-40AA-8952-4A557FE42087}.Debug|Any CPU.Build.0 = Debug|Any CPU
		{CA315225-2970-40AA-8952-4A557FE42087}.Release|Any CPU.ActiveCfg = Release|Any CPU
		{CA315225-2970-40AA-8952-4A557FE42087}.Release|Any CPU.Build.0 = Release|Any CPU
		{8D4B7130-1F0C-4D01-9149-CF3CB3A20B85}.Debug|Any CPU.ActiveCfg = Debug|Any CPU
		{8D4B7130-1F0C-4D01-9149-CF3CB3A20B85}.Debug|Any CPU.Build.0 = Debug|Any CPU
		{8D4B7130-1F0C-4D01-9149-CF3CB3A20B85}.Release|Any CPU.ActiveCfg = Release|Any CPU
		{8D4B7130-1F0C-4D01-9149-CF3CB3A20B85}.Release|Any CPU.Build.0 = Release|Any CPU
	EndGlobalSection
	GlobalSection(SolutionProperties) = preSolution
		HideSolutionNode = FALSE
	EndGlobalSection
EndGlobal
